// !$*UTF8*$!
{
	archiveVersion = 1;
	classes = {
	};
	objectVersion = 50;
	objects = {

/* Begin PBXBuildFile section */
		94B4B603234FD5F7009F7DD8 /* AppDelegate.swift in Sources */ = {isa = PBXBuildFile; fileRef = 94B4B602234FD5F7009F7DD8 /* AppDelegate.swift */; };
		94B4B605234FD5F8009F7DD8 /* SceneDelegate.swift in Sources */ = {isa = PBXBuildFile; fileRef = 94B4B604234FD5F8009F7DD8 /* SceneDelegate.swift */; };
		94B4B607234FD5F9009F7DD8 /* ContentView.swift in Sources */ = {isa = PBXBuildFile; fileRef = 94B4B606234FD5F9009F7DD8 /* ContentView.swift */; };
		94B4B609234FD610009F7DD8 /* Assets.xcassets in Resources */ = {isa = PBXBuildFile; fileRef = 94B4B608234FD610009F7DD8 /* Assets.xcassets */; };
		94B4B60C234FD610009F7DD8 /* Preview Assets.xcassets in Resources */ = {isa = PBXBuildFile; fileRef = 94B4B60B234FD610009F7DD8 /* Preview Assets.xcassets */; };
		94B4B60F234FD610009F7DD8 /* LaunchScreen.storyboard in Resources */ = {isa = PBXBuildFile; fileRef = 94B4B60D234FD610009F7DD8 /* LaunchScreen.storyboard */; };
/* End PBXBuildFile section */

/* Begin PBXFileReference section */
		94B4B5FF234FD5F6009F7DD8 /* iFlick.app */ = {isa = PBXFileReference; explicitFileType = wrapper.application; includeInIndex = 0; path = iFlick.app; sourceTree = BUILT_PRODUCTS_DIR; };
		94B4B602234FD5F7009F7DD8 /* AppDelegate.swift */ = {isa = PBXFileReference; lastKnownFileType = sourcecode.swift; path = AppDelegate.swift; sourceTree = "<group>"; };
		94B4B604234FD5F8009F7DD8 /* SceneDelegate.swift */ = {isa = PBXFileReference; lastKnownFileType = sourcecode.swift; path = SceneDelegate.swift; sourceTree = "<group>"; };
		94B4B606234FD5F9009F7DD8 /* ContentView.swift */ = {isa = PBXFileReference; lastKnownFileType = sourcecode.swift; path = ContentView.swift; sourceTree = "<group>"; };
		94B4B608234FD610009F7DD8 /* Assets.xcassets */ = {isa = PBXFileReference; lastKnownFileType = folder.assetcatalog; path = Assets.xcassets; sourceTree = "<group>"; };
		94B4B60B234FD610009F7DD8 /* Preview Assets.xcassets */ = {isa = PBXFileReference; lastKnownFileType = folder.assetcatalog; path = "Preview Assets.xcassets"; sourceTree = "<group>"; };
		94B4B60E234FD610009F7DD8 /* Base */ = {isa = PBXFileReference; lastKnownFileType = file.storyboard; name = Base; path = Base.lproj/LaunchScreen.storyboard; sourceTree = "<group>"; };
		94B4B610234FD610009F7DD8 /* Info.plist */ = {isa = PBXFileReference; lastKnownFileType = text.plist.xml; path = Info.plist; sourceTree = "<group>"; };
/* End PBXFileReference section */

/* Begin PBXFrameworksBuildPhase section */
		94B4B5FC234FD5F6009F7DD8 /* Frameworks */ = {
			isa = PBXFrameworksBuildPhase;
			buildActionMask = 2147483647;
			files = (
			);
			runOnlyForDeploymentPostprocessing = 0;
		};
/* End PBXFrameworksBuildPhase section */

/* Begin PBXGroup section */
		94B4B5F6234FD5F5009F7DD8 = {
			isa = PBXGroup;
			children = (
				94B4B601234FD5F7009F7DD8 /* iFlick */,
				94B4B600234FD5F7009F7DD8 /* Products */,
			);
			sourceTree = "<group>";
		};
		94B4B600234FD5F7009F7DD8 /* Products */ = {
			isa = PBXGroup;
			children = (
				94B4B5FF234FD5F6009F7DD8 /* iFlick.app */,
			);
			name = Products;
			sourceTree = "<group>";
		};
		94B4B601234FD5F7009F7DD8 /* iFlick */ = {
			isa = PBXGroup;
			children = (
				94B4B602234FD5F7009F7DD8 /* AppDelegate.swift */,
				94B4B604234FD5F8009F7DD8 /* SceneDelegate.swift */,
				94B4B606234FD5F9009F7DD8 /* ContentView.swift */,
				94B4B608234FD610009F7DD8 /* Assets.xcassets */,
				94B4B60D234FD610009F7DD8 /* LaunchScreen.storyboard */,
				94B4B610234FD610009F7DD8 /* Info.plist */,
				94B4B60A234FD610009F7DD8 /* Preview Content */,
			);
			path = iFlick;
			sourceTree = "<group>";
		};
		94B4B60A234FD610009F7DD8 /* Preview Content */ = {
			isa = PBXGroup;
			children = (
				94B4B60B234FD610009F7DD8 /* Preview Assets.xcassets */,
			);
			path = "Preview Content";
			sourceTree = "<group>";
		};
/* End PBXGroup section */

/* Begin PBXNativeTarget section */
		94B4B5FE234FD5F6009F7DD8 /* iFlick */ = {
			isa = PBXNativeTarget;
			buildConfigurationList = 94B4B613234FD610009F7DD8 /* Build configuration list for PBXNativeTarget "iFlick" */;
			buildPhases = (
				94B4B5FB234FD5F6009F7DD8 /* Sources */,
				94B4B5FC234FD5F6009F7DD8 /* Frameworks */,
				94B4B5FD234FD5F6009F7DD8 /* Resources */,
			);
			buildRules = (
			);
			dependencies = (
			);
			name = iFlick;
			productName = iFlick;
			productReference = 94B4B5FF234FD5F6009F7DD8 /* iFlick.app */;
			productType = "com.apple.product-type.application";
		};
/* End PBXNativeTarget section */

/* Begin PBXProject section */
		94B4B5F7234FD5F5009F7DD8 /* Project object */ = {
			isa = PBXProject;
			attributes = {
				LastSwiftUpdateCheck = 1110;
				LastUpgradeCheck = 1110;
				ORGANIZATIONNAME = oavii;
				TargetAttributes = {
					94B4B5FE234FD5F6009F7DD8 = {
						CreatedOnToolsVersion = 11.1;
					};
				};
			};
			buildConfigurationList = 94B4B5FA234FD5F5009F7DD8 /* Build configuration list for PBXProject "iFlick" */;
			compatibilityVersion = "Xcode 9.3";
			developmentRegion = en;
			hasScannedForEncodings = 0;
			knownRegions = (
				en,
				Base,
			);
			mainGroup = 94B4B5F6234FD5F5009F7DD8;
			productRefGroup = 94B4B600234FD5F7009F7DD8 /* Products */;
			projectDirPath = "";
			projectRoot = "";
			targets = (
				94B4B5FE234FD5F6009F7DD8 /* iFlick */,
			);
		};
/* End PBXProject section */

/* Begin PBXResourcesBuildPhase section */
		94B4B5FD234FD5F6009F7DD8 /* Resources */ = {
			isa = PBXResourcesBuildPhase;
			buildActionMask = 2147483647;
			files = (
				94B4B60F234FD610009F7DD8 /* LaunchScreen.storyboard in Resources */,
				94B4B60C234FD610009F7DD8 /* Preview Assets.xcassets in Resources */,
				94B4B609234FD610009F7DD8 /* Assets.xcassets in Resources */,
			);
			runOnlyForDeploymentPostprocessing = 0;
		};
/* End PBXResourcesBuildPhase section */

/* Begin PBXSourcesBuildPhase section */
		94B4B5FB234FD5F6009F7DD8 /* Sources */ = {
			isa = PBXSourcesBuildPhase;
			buildActionMask = 2147483647;
			files = (
				94B4B603234FD5F7009F7DD8 /* AppDelegate.swift in Sources */,
				94B4B605234FD5F8009F7DD8 /* SceneDelegate.swift in Sources */,
				94B4B607234FD5F9009F7DD8 /* ContentView.swift in Sources */,
			);
			runOnlyForDeploymentPostprocessing = 0;
		};
/* End PBXSourcesBuildPhase section */

/* Begin PBXVariantGroup section */
		94B4B60D234FD610009F7DD8 /* LaunchScreen.storyboard */ = {
			isa = PBXVariantGroup;
			children = (
				94B4B60E234FD610009F7DD8 /* Base */,
			);
			name = LaunchScreen.storyboard;
			sourceTree = "<group>";
		};
/* End PBXVariantGroup section */

/* Begin XCBuildConfiguration section */
		94B4B611234FD610009F7DD8 /* Debug */ = {
			isa = XCBuildConfiguration;
			buildSettings = {
				ALWAYS_SEARCH_USER_PATHS = NO;
				CLANG_ANALYZER_NONNULL = YES;
				CLANG_ANALYZER_NUMBER_OBJECT_CONVERSION = YES_AGGRESSIVE;
				CLANG_CXX_LANGUAGE_STANDARD = "gnu++14";
				CLANG_CXX_LIBRARY = "libc++";
				CLANG_ENABLE_MODULES = YES;
				CLANG_ENABLE_OBJC_ARC = YES;
				CLANG_ENABLE_OBJC_WEAK = YES;
				CLANG_WARN_BLOCK_CAPTURE_AUTORELEASING = YES;
				CLANG_WARN_BOOL_CONVERSION = YES;
				CLANG_WARN_COMMA = YES;
				CLANG_WARN_CONSTANT_CONVERSION = YES;
				CLANG_WARN_DEPRECATED_OBJC_IMPLEMENTATIONS = YES;
				CLANG_WARN_DIRECT_OBJC_ISA_USAGE = YES_ERROR;
				CLANG_WARN_DOCUMENTATION_COMMENTS = YES;
				CLANG_WARN_EMPTY_BODY = YES;
				CLANG_WARN_ENUM_CONVERSION = YES;
				CLANG_WARN_INFINITE_RECURSION = YES;
				CLANG_WARN_INT_CONVERSION = YES;
				CLANG_WARN_NON_LITERAL_NULL_CONVERSION = YES;
				CLANG_WARN_OBJC_IMPLICIT_RETAIN_SELF = YES;
				CLANG_WARN_OBJC_LITERAL_CONVERSION = YES;
				CLANG_WARN_OBJC_ROOT_CLASS = YES_ERROR;
				CLANG_WARN_RANGE_LOOP_ANALYSIS = YES;
				CLANG_WARN_STRICT_PROTOTYPES = YES;
				CLANG_WARN_SUSPICIOUS_MOVE = YES;
				CLANG_WARN_UNGUARDED_AVAILABILITY = YES_AGGRESSIVE;
				CLANG_WARN_UNREACHABLE_CODE = YES;
				CLANG_WARN__DUPLICATE_METHOD_MATCH = YES;
				COPY_PHASE_STRIP = NO;
				DEBUG_INFORMATION_FORMAT = dwarf;
				ENABLE_STRICT_OBJC_MSGSEND = YES;
				ENABLE_TESTABILITY = YES;
				GCC_C_LANGUAGE_STANDARD = gnu11;
				GCC_DYNAMIC_NO_PIC = NO;
				GCC_NO_COMMON_BLOCKS = YES;
				GCC_OPTIMIZATION_LEVEL = 0;
				GCC_PREPROCESSOR_DEFINITIONS = (
					"DEBUG=1",
					"$(inherited)",
				);
				GCC_WARN_64_TO_32_BIT_CONVERSION = YES;
				GCC_WARN_ABOUT_RETURN_TYPE = YES_ERROR;
				GCC_WARN_UNDECLARED_SELECTOR = YES;
				GCC_WARN_UNINITIALIZED_AUTOS = YES_AGGRESSIVE;
				GCC_WARN_UNUSED_FUNCTION = YES;
				GCC_WARN_UNUSED_VARIABLE = YES;
				IPHONEOS_DEPLOYMENT_TARGET = 13.1;
				MTL_ENABLE_DEBUG_INFO = INCLUDE_SOURCE;
				MTL_FAST_MATH = YES;
				ONLY_ACTIVE_ARCH = YES;
				SDKROOT = iphoneos;
				SWIFT_ACTIVE_COMPILATION_CONDITIONS = DEBUG;
				SWIFT_OPTIMIZATION_LEVEL = "-Onone";
			};
			name = Debug;
		};
		94B4B612234FD610009F7DD8 /* Release */ = {
			isa = XCBuildConfiguration;
			buildSettings = {
				ALWAYS_SEARCH_USER_PATHS = NO;
				CLANG_ANALYZER_NONNULL = YES;
				CLANG_ANALYZER_NUMBER_OBJECT_CONVERSION = YES_AGGRESSIVE;
				CLANG_CXX_LANGUAGE_STANDARD = "gnu++14";
				CLANG_CXX_LIBRARY = "libc++";
				CLANG_ENABLE_MODULES = YES;
				CLANG_ENABLE_OBJC_ARC = YES;
				CLANG_ENABLE_OBJC_WEAK = YES;
				CLANG_WARN_BLOCK_CAPTURE_AUTORELEASING = YES;
				CLANG_WARN_BOOL_CONVERSION = YES;
				CLANG_WARN_COMMA = YES;
				CLANG_WARN_CONSTANT_CONVERSION = YES;
				CLANG_WARN_DEPRECATED_OBJC_IMPLEMENTATIONS = YES;
				CLANG_WARN_DIRECT_OBJC_ISA_USAGE = YES_ERROR;
				CLANG_WARN_DOCUMENTATION_COMMENTS = YES;
				CLANG_WARN_EMPTY_BODY = YES;
				CLANG_WARN_ENUM_CONVERSION = YES;
				CLANG_WARN_INFINITE_RECURSION = YES;
				CLANG_WARN_INT_CONVERSION = YES;
				CLANG_WARN_NON_LITERAL_NULL_CONVERSION = YES;
				CLANG_WARN_OBJC_IMPLICIT_RETAIN_SELF = YES;
				CLANG_WARN_OBJC_LITERAL_CONVERSION = YES;
				CLANG_WARN_OBJC_ROOT_CLASS = YES_ERROR;
				CLANG_WARN_RANGE_LOOP_ANALYSIS = YES;
				CLANG_WARN_STRICT_PROTOTYPES = YES;
				CLANG_WARN_SUSPICIOUS_MOVE = YES;
				CLANG_WARN_UNGUARDED_AVAILABILITY = YES_AGGRESSIVE;
				CLANG_WARN_UNREACHABLE_CODE = YES;
				CLANG_WARN__DUPLICATE_METHOD_MATCH = YES;
				COPY_PHASE_STRIP = NO;
				DEBUG_INFORMATION_FORMAT = "dwarf-with-dsym";
				ENABLE_NS_ASSERTIONS = NO;
				ENABLE_STRICT_OBJC_MSGSEND = YES;
				GCC_C_LANGUAGE_STANDARD = gnu11;
				GCC_NO_COMMON_BLOCKS = YES;
				GCC_WARN_64_TO_32_BIT_CONVERSION = YES;
				GCC_WARN_ABOUT_RETURN_TYPE = YES_ERROR;
				GCC_WARN_UNDECLARED_SELECTOR = YES;
				GCC_WARN_UNINITIALIZED_AUTOS = YES_AGGRESSIVE;
				GCC_WARN_UNUSED_FUNCTION = YES;
				GCC_WARN_UNUSED_VARIABLE = YES;
				IPHONEOS_DEPLOYMENT_TARGET = 13.1;
				MTL_ENABLE_DEBUG_INFO = NO;
				MTL_FAST_MATH = YES;
				SDKROOT = iphoneos;
				SWIFT_COMPILATION_MODE = wholemodule;
				SWIFT_OPTIMIZATION_LEVEL = "-O";
				VALIDATE_PRODUCT = YES;
			};
			name = Release;
		};
		94B4B614234FD610009F7DD8 /* Debug */ = {
			isa = XCBuildConfiguration;
			buildSettings = {
				ASSETCATALOG_COMPILER_APPICON_NAME = AppIcon;
				CODE_SIGN_STYLE = Automatic;
				DEVELOPMENT_ASSET_PATHS = "\"iFlick/Preview Content\"";
				DEVELOPMENT_TEAM = 77PZJ6UJ2H;
				ENABLE_PREVIEWS = YES;
				INFOPLIST_FILE = iFlick/Info.plist;
				LD_RUNPATH_SEARCH_PATHS = (
					"$(inherited)",
					"@executable_path/Frameworks",
				);
				PRODUCT_BUNDLE_IDENTIFIER = com.oavii.iFlick;
				PRODUCT_NAME = "$(TARGET_NAME)";
				SWIFT_VERSION = 5.0;
				TARGETED_DEVICE_FAMILY = "1,2";
			};
			name = Debug;
		};
		94B4B615234FD610009F7DD8 /* Release */ = {
			isa = XCBuildConfiguration;
			buildSettings = {
				ASSETCATALOG_COMPILER_APPICON_NAME = AppIcon;
				CODE_SIGN_STYLE = Automatic;
				DEVELOPMENT_ASSET_PATHS = "\"iFlick/Preview Content\"";
				DEVELOPMENT_TEAM = 77PZJ6UJ2H;
				ENABLE_PREVIEWS = YES;
				INFOPLIST_FILE = iFlick/Info.plist;
				LD_RUNPATH_SEARCH_PATHS = (
					"$(inherited)",
					"@executable_path/Frameworks",
				);
				PRODUCT_BUNDLE_IDENTIFIER = com.oavii.iFlick;
				PRODUCT_NAME = "$(TARGET_NAME)";
				SWIFT_VERSION = 5.0;
				TARGETED_DEVICE_FAMILY = "1,2";
			};
			name = Release;
		};
/* End XCBuildConfiguration section */

/* Begin XCConfigurationList section */
		94B4B5FA234FD5F5009F7DD8 /* Build configuration list for PBXProject "iFlick" */ = {
			isa = XCConfigurationList;
			buildConfigurations = (
				94B4B611234FD610009F7DD8 /* Debug */,
				94B4B612234FD610009F7DD8 /* Release */,
			);
			defaultConfigurationIsVisible = 0;
			defaultConfigurationName = Release;
		};
		94B4B613234FD610009F7DD8 /* Build configuration list for PBXNativeTarget "iFlick" */ = {
			isa = XCConfigurationList;
			buildConfigurations = (
				94B4B614234FD610009F7DD8 /* Debug */,
				94B4B615234FD610009F7DD8 /* Release */,
			);
			defaultConfigurationIsVisible = 0;
			defaultConfigurationName = Release;
		};
/* End XCConfigurationList section */
	};
	rootObject = 94B4B5F7234FD5F5009F7DD8 /* Project object */;
}
